
Microsoft Visual Studio Solution File, Format Version 12.00
# Visual Studio Version 17
VisualStudioVersion = 17.9.34714.143
MinimumVisualStudioVersion = 10.0.40219.1
Project("{FAE04EC0-301F-11D3-BF4B-00C04F79EFBC}") = "ClientServer2024", "ClientServer2024\ClientServer2024.csproj", "{ED229389-930D-4C07-B9F7-B0DDBD23918C}"
EndProject
Project("{FAE04EC0-301F-11D3-BF4B-00C04F79EFBC}") = "Client", "Client\Client.csproj", "{3CEC3E0B-A8D8-445F-8363-9A7656E781E3}"
EndProject
Global
	GlobalSection(SolutionConfigurationPlatforms) = preSolution
		Debug|Any CPU = Debug|Any CPU
		Release|Any CPU = Release|Any CPU
	EndGlobalSection
	GlobalSection(ProjectConfigurationPlatforms) = postSolution
		{ED229389-930D-4C07-B9F7-B0DDBD23918C}.Debug|Any CPU.ActiveCfg = Debug|Any CPU
		{ED229389-930D-4C07-B9F7-B0DDBD23918C}.Debug|Any CPU.Build.0 = Debug|Any CPU
		{ED229389-930D-4C07-B9F7-B0DDBD23918C}.Release|Any CPU.ActiveCfg = Release|Any CPU
		{ED229389-930D-4C07-B9F7-B0DDBD23918C}.Release|Any CPU.Build.0 = Release|Any CPU
		{3CEC3E0B-A8D8-445F-8363-9A7656E781E3}.Debug|Any CPU.ActiveCfg = Debug|Any CPU
		{3CEC3E0B-A8D8-445F-8363-9A7656E781E3}.Debug|Any CPU.Build.0 = Debug|Any CPU
		{3CEC3E0B-A8D8-445F-8363-9A7656E781E3}.Release|Any CPU.ActiveCfg = Release|Any CPU
		{3CEC3E0B-A8D8-445F-8363-9A7656E781E3}.Release|Any CPU.Build.0 = Release|Any CPU
	EndGlobalSection
	GlobalSection(SolutionProperties) = preSolution
		HideSolutionNode = FALSE
	EndGlobalSection
	GlobalSection(ExtensibilityGlobals) = postSolution
		SolutionGuid = {50D34FE8-C1A0-4351-823C-6DC33C20F14E}
	EndGlobalSection
EndGlobal
